{
	"name": "svelte-md",
	"version": "1.0.0",
	"lockfileVersion": 2,
	"requires": true,
	"packages": {
		"": {
			"version": "1.0.0",
			"license": "MIT",
			"dependencies": {
				"gray-matter": "^4.0.3",
				"marked": "^4.0.7",
				"recursive-readdir-sync": "^1.0.6",
				"rollup-plugin-svelte": "^7.1.0",
				"write": "^2.0.0"
			},
			"peerDependencies": {
				"svelte": "3.x"
			}
		},
		"node_modules/add-filename-increment": {
			"version": "1.0.0",
			"resolved": "https://registry.npmjs.org/add-filename-increment/-/add-filename-increment-1.0.0.tgz",
			"integrity": "sha512-pFV8VZX8jxuVMIycKvGZkWF/ihnUubu9lbQVnOnZWp7noVxbKQTNj7zG2y9fXdPcuZ6lAN3Drr517HaivGCjdQ==",
			"dependencies": {
				"strip-filename-increment": "^2.0.1"
			},
			"engines": {
				"node": ">=8"
			}
		},
		"node_modules/argparse": {
			"version": "1.0.10",
			"resolved": "https://registry.npmjs.org/argparse/-/argparse-1.0.10.tgz",
			"integrity": "sha512-o5Roy6tNG4SL/FOkCAN6RzjiakZS25RLYFrcMttJqbdd8BWrnA+fGz57iN5Pb06pvBGvl5gQ0B48dJlslXvoTg==",
			"dependencies": {
				"sprintf-js": "~1.0.2"
			}
		},
		"node_modules/esprima": {
			"version": "4.0.1",
			"resolved": "https://registry.npmjs.org/esprima/-/esprima-4.0.1.tgz",
			"integrity": "sha512-eGuFFw7Upda+g4p+QHvnW0RyTX/SVeJBDM/gCtMARO0cLuT2HcEKnTPvhjV6aGeqrCB/sbNop0Kszm0jsaWU4A==",
			"bin": {
				"esparse": "bin/esparse.js",
				"esvalidate": "bin/esvalidate.js"
			},
			"engines": {
				"node": ">=4"
			}
		},
		"node_modules/estree-walker": {
			"version": "0.6.1",
			"resolved": "https://registry.npmjs.org/estree-walker/-/estree-walker-0.6.1.tgz",
			"integrity": "sha512-SqmZANLWS0mnatqbSfRP5g8OXZC12Fgg1IwNtLsyHDzJizORW4khDfjPqJZsemPWBB2uqykUah5YpQ6epsqC/w=="
		},
		"node_modules/extend-shallow": {
			"version": "2.0.1",
			"resolved": "https://registry.npmjs.org/extend-shallow/-/extend-shallow-2.0.1.tgz",
			"integrity": "sha1-Ua99YUrZqfYQ6huvu5idaxxWiQ8=",
			"dependencies": {
				"is-extendable": "^0.1.0"
			},
			"engines": {
				"node": ">=0.10.0"
			}
		},
		"node_modules/fsevents": {
			"version": "2.3.2",
			"resolved": "https://registry.npmjs.org/fsevents/-/fsevents-2.3.2.tgz",
			"integrity": "sha512-xiqMQR4xAeHTuB9uWm+fFRcIOgKBMiOBP+eXiyT7jsgVCq1bkVygt00oASowB7EdtpOHaaPgKt812P9ab+DDKA==",
			"hasInstallScript": true,
			"optional": true,
			"os": [
				"darwin"
			],
			"peer": true,
			"engines": {
				"node": "^8.16.0 || ^10.6.0 || >=11.0.0"
			}
		},
		"node_modules/gray-matter": {
			"version": "4.0.3",
			"resolved": "https://registry.npmjs.org/gray-matter/-/gray-matter-4.0.3.tgz",
			"integrity": "sha512-5v6yZd4JK3eMI3FqqCouswVqwugaA9r4dNZB1wwcmrD02QkV5H0y7XBQW8QwQqEaZY1pM9aqORSORhJRdNK44Q==",
			"dependencies": {
				"js-yaml": "^3.13.1",
				"kind-of": "^6.0.2",
				"section-matter": "^1.0.0",
				"strip-bom-string": "^1.0.0"
			},
			"engines": {
				"node": ">=6.0"
			}
		},
		"node_modules/is-extendable": {
			"version": "0.1.1",
			"resolved": "https://registry.npmjs.org/is-extendable/-/is-extendable-0.1.1.tgz",
			"integrity": "sha1-YrEQ4omkcUGOPsNqYX1HLjAd/Ik=",
			"engines": {
				"node": ">=0.10.0"
			}
		},
		"node_modules/js-yaml": {
			"version": "3.14.1",
			"resolved": "https://registry.npmjs.org/js-yaml/-/js-yaml-3.14.1.tgz",
			"integrity": "sha512-okMH7OXXJ7YrN9Ok3/SXrnu4iX9yOk+25nqX4imS2npuvTYDmo/QEZoqwZkYaIDk3jVvBOTOIEgEhaLOynBS9g==",
			"dependencies": {
				"argparse": "^1.0.7",
				"esprima": "^4.0.0"
			},
			"bin": {
				"js-yaml": "bin/js-yaml.js"
			}
		},
		"node_modules/kind-of": {
			"version": "6.0.3",
			"resolved": "https://registry.npmjs.org/kind-of/-/kind-of-6.0.3.tgz",
			"integrity": "sha512-dcS1ul+9tmeD95T+x28/ehLgd9mENa3LsvDTtzm3vyBEO7RPptvAD+t44WVXaUjTBRcrpFeFlC8WCruUR456hw==",
			"engines": {
				"node": ">=0.10.0"
			}
		},
		"node_modules/marked": {
			"version": "4.0.7",
			"resolved": "https://registry.npmjs.org/marked/-/marked-4.0.7.tgz",
			"integrity": "sha512-mQrRvV2vRk7DHZsWsYJfAjmBo+lSYPhTJPThaaGpkEfmC+4oefeug2txZniQTieDS0CFpokfVhd7JuS5GtnHhA==",
			"bin": {
				"marked": "bin/marked.js"
			},
			"engines": {
				"node": ">= 12"
			}
		},
		"node_modules/recursive-readdir-sync": {
			"version": "1.0.6",
			"resolved": "https://registry.npmjs.org/recursive-readdir-sync/-/recursive-readdir-sync-1.0.6.tgz",
			"integrity": "sha1-Hb9tMvPFu4083pemxYjVR6nhPVY="
		},
		"node_modules/require-relative": {
			"version": "0.8.7",
			"resolved": "https://registry.npmjs.org/require-relative/-/require-relative-0.8.7.tgz",
			"integrity": "sha1-eZlTn8ngR6N5KPoZb44VY9q9Nt4="
		},
		"node_modules/rollup": {
			"version": "2.61.1",
			"resolved": "https://registry.npmjs.org/rollup/-/rollup-2.61.1.tgz",
			"integrity": "sha512-BbTXlEvB8d+XFbK/7E5doIcRtxWPRiqr0eb5vQ0+2paMM04Ye4PZY5nHOQef2ix24l/L0SpLd5hwcH15QHPdvA==",
			"peer": true,
			"bin": {
				"rollup": "dist/bin/rollup"
			},
			"engines": {
				"node": ">=10.0.0"
			},
			"optionalDependencies": {
				"fsevents": "~2.3.2"
			}
		},
		"node_modules/rollup-plugin-svelte": {
			"version": "7.1.0",
			"resolved": "https://registry.npmjs.org/rollup-plugin-svelte/-/rollup-plugin-svelte-7.1.0.tgz",
			"integrity": "sha512-vopCUq3G+25sKjwF5VilIbiY6KCuMNHP1PFvx2Vr3REBNMDllKHFZN2B9jwwC+MqNc3UPKkjXnceLPEjTjXGXg==",
			"dependencies": {
				"require-relative": "^0.8.7",
				"rollup-pluginutils": "^2.8.2"
			},
			"engines": {
				"node": ">=10"
			},
			"peerDependencies": {
				"rollup": ">=2.0.0",
				"svelte": ">=3.5.0"
			}
		},
		"node_modules/rollup-pluginutils": {
			"version": "2.8.2",
			"resolved": "https://registry.npmjs.org/rollup-pluginutils/-/rollup-pluginutils-2.8.2.tgz",
			"integrity": "sha512-EEp9NhnUkwY8aif6bxgovPHMoMoNr2FulJziTndpt5H9RdwC47GSGuII9XxpSdzVGM0GWrNPHV6ie1LTNJPaLQ==",
			"dependencies": {
				"estree-walker": "^0.6.1"
			}
		},
		"node_modules/section-matter": {
			"version": "1.0.0",
			"resolved": "https://registry.npmjs.org/section-matter/-/section-matter-1.0.0.tgz",
			"integrity": "sha512-vfD3pmTzGpufjScBh50YHKzEu2lxBWhVEHsNGoEXmCmn2hKGfeNLYMzCJpe8cD7gqX7TJluOVpBkAequ6dgMmA==",
			"dependencies": {
				"extend-shallow": "^2.0.1",
				"kind-of": "^6.0.0"
			},
			"engines": {
				"node": ">=4"
			}
		},
		"node_modules/sprintf-js": {
			"version": "1.0.3",
			"resolved": "https://registry.npmjs.org/sprintf-js/-/sprintf-js-1.0.3.tgz",
			"integrity": "sha1-BOaSb2YolTVPPdAVIDYzuFcpfiw="
		},
		"node_modules/strip-bom-string": {
			"version": "1.0.0",
			"resolved": "https://registry.npmjs.org/strip-bom-string/-/strip-bom-string-1.0.0.tgz",
			"integrity": "sha1-5SEekiQ2n7uB1jOi8ABE3IztrZI=",
			"engines": {
				"node": ">=0.10.0"
			}
		},
		"node_modules/strip-filename-increment": {
			"version": "2.0.1",
			"resolved": "https://registry.npmjs.org/strip-filename-increment/-/strip-filename-increment-2.0.1.tgz",
			"integrity": "sha512-+v5xsiTTsdYqkPj7qz1zlngIsjZedhHDi3xp/9bMurV8kXe9DAr732gNVqtt4X8sI3hOqS3nlFfps5gyVcux6w==",
			"engines": {
				"node": ">=8"
			}
		},
		"node_modules/svelte": {
			"version": "3.44.3",
			"resolved": "https://registry.npmjs.org/svelte/-/svelte-3.44.3.tgz",
			"integrity": "sha512-aGgrNCip5PQFNfq9e9tmm7EYxWLVHoFsEsmKrtOeRD8dmoGDdyTQ+21xd7qgFd8MNdKGSYvg7F9dr+Tc0yDymg==",
			"peer": true,
			"engines": {
				"node": ">= 8"
			}
		},
		"node_modules/write": {
			"version": "2.0.0",
			"resolved": "https://registry.npmjs.org/write/-/write-2.0.0.tgz",
			"integrity": "sha512-yam9TAqN8sAZokECAejo9HpT2j2s39OgK8i8yxadrFBVo+iSWLfnipRVFulfAw1d2dz5vSuGmlMHYRKG4fysOA==",
			"dependencies": {
				"add-filename-increment": "^1.0.0"
			},
			"engines": {
				"node": ">=10"
			}
		}
	},
	"dependencies": {
		"add-filename-increment": {
			"version": "1.0.0",
			"resolved": "https://registry.npmjs.org/add-filename-increment/-/add-filename-increment-1.0.0.tgz",
			"integrity": "sha512-pFV8VZX8jxuVMIycKvGZkWF/ihnUubu9lbQVnOnZWp7noVxbKQTNj7zG2y9fXdPcuZ6lAN3Drr517HaivGCjdQ==",
			"requires": {
				"strip-filename-increment": "^2.0.1"
			}
		},
		"argparse": {
			"version": "1.0.10",
			"resolved": "https://registry.npmjs.org/argparse/-/argparse-1.0.10.tgz",
			"integrity": "sha512-o5Roy6tNG4SL/FOkCAN6RzjiakZS25RLYFrcMttJqbdd8BWrnA+fGz57iN5Pb06pvBGvl5gQ0B48dJlslXvoTg==",
			"requires": {
				"sprintf-js": "~1.0.2"
			}
		},
		"esprima": {
			"version": "4.0.1",
			"resolved": "https://registry.npmjs.org/esprima/-/esprima-4.0.1.tgz",
			"integrity": "sha512-eGuFFw7Upda+g4p+QHvnW0RyTX/SVeJBDM/gCtMARO0cLuT2HcEKnTPvhjV6aGeqrCB/sbNop0Kszm0jsaWU4A=="
		},
		"estree-walker": {
			"version": "0.6.1",
			"resolved": "https://registry.npmjs.org/estree-walker/-/estree-walker-0.6.1.tgz",
			"integrity": "sha512-SqmZANLWS0mnatqbSfRP5g8OXZC12Fgg1IwNtLsyHDzJizORW4khDfjPqJZsemPWBB2uqykUah5YpQ6epsqC/w=="
		},
		"extend-shallow": {
			"version": "2.0.1",
			"resolved": "https://registry.npmjs.org/extend-shallow/-/extend-shallow-2.0.1.tgz",
			"integrity": "sha1-Ua99YUrZqfYQ6huvu5idaxxWiQ8=",
			"requires": {
				"is-extendable": "^0.1.0"
			}
		},
		"fsevents": {
			"version": "2.3.2",
			"resolved": "https://registry.npmjs.org/fsevents/-/fsevents-2.3.2.tgz",
			"integrity": "sha512-xiqMQR4xAeHTuB9uWm+fFRcIOgKBMiOBP+eXiyT7jsgVCq1bkVygt00oASowB7EdtpOHaaPgKt812P9ab+DDKA==",
			"optional": true,
			"peer": true
		},
		"gray-matter": {
			"version": "4.0.3",
			"resolved": "https://registry.npmjs.org/gray-matter/-/gray-matter-4.0.3.tgz",
			"integrity": "sha512-5v6yZd4JK3eMI3FqqCouswVqwugaA9r4dNZB1wwcmrD02QkV5H0y7XBQW8QwQqEaZY1pM9aqORSORhJRdNK44Q==",
			"requires": {
				"js-yaml": "^3.13.1",
				"kind-of": "^6.0.2",
				"section-matter": "^1.0.0",
				"strip-bom-string": "^1.0.0"
			}
		},
		"is-extendable": {
			"version": "0.1.1",
			"resolved": "https://registry.npmjs.org/is-extendable/-/is-extendable-0.1.1.tgz",
			"integrity": "sha1-YrEQ4omkcUGOPsNqYX1HLjAd/Ik="
		},
		"js-yaml": {
			"version": "3.14.1",
			"resolved": "https://registry.npmjs.org/js-yaml/-/js-yaml-3.14.1.tgz",
			"integrity": "sha512-okMH7OXXJ7YrN9Ok3/SXrnu4iX9yOk+25nqX4imS2npuvTYDmo/QEZoqwZkYaIDk3jVvBOTOIEgEhaLOynBS9g==",
			"requires": {
				"argparse": "^1.0.7",
				"esprima": "^4.0.0"
			}
		},
		"kind-of": {
			"version": "6.0.3",
			"resolved": "https://registry.npmjs.org/kind-of/-/kind-of-6.0.3.tgz",
			"integrity": "sha512-dcS1ul+9tmeD95T+x28/ehLgd9mENa3LsvDTtzm3vyBEO7RPptvAD+t44WVXaUjTBRcrpFeFlC8WCruUR456hw=="
		},
		"marked": {
			"version": "4.0.7",
			"resolved": "https://registry.npmjs.org/marked/-/marked-4.0.7.tgz",
			"integrity": "sha512-mQrRvV2vRk7DHZsWsYJfAjmBo+lSYPhTJPThaaGpkEfmC+4oefeug2txZniQTieDS0CFpokfVhd7JuS5GtnHhA=="
		},
		"recursive-readdir-sync": {
			"version": "1.0.6",
			"resolved": "https://registry.npmjs.org/recursive-readdir-sync/-/recursive-readdir-sync-1.0.6.tgz",
			"integrity": "sha1-Hb9tMvPFu4083pemxYjVR6nhPVY="
		},
		"require-relative": {
			"version": "0.8.7",
			"resolved": "https://registry.npmjs.org/require-relative/-/require-relative-0.8.7.tgz",
			"integrity": "sha1-eZlTn8ngR6N5KPoZb44VY9q9Nt4="
		},
		"rollup": {
			"version": "2.61.1",
			"resolved": "https://registry.npmjs.org/rollup/-/rollup-2.61.1.tgz",
			"integrity": "sha512-BbTXlEvB8d+XFbK/7E5doIcRtxWPRiqr0eb5vQ0+2paMM04Ye4PZY5nHOQef2ix24l/L0SpLd5hwcH15QHPdvA==",
			"peer": true,
			"requires": {
				"fsevents": "~2.3.2"
			}
		},
		"rollup-plugin-svelte": {
			"version": "7.1.0",
			"resolved": "https://registry.npmjs.org/rollup-plugin-svelte/-/rollup-plugin-svelte-7.1.0.tgz",
			"integrity": "sha512-vopCUq3G+25sKjwF5VilIbiY6KCuMNHP1PFvx2Vr3REBNMDllKHFZN2B9jwwC+MqNc3UPKkjXnceLPEjTjXGXg==",
			"requires": {
				"require-relative": "^0.8.7",
				"rollup-pluginutils": "^2.8.2"
			}
		},
		"rollup-pluginutils": {
			"version": "2.8.2",
			"resolved": "https://registry.npmjs.org/rollup-pluginutils/-/rollup-pluginutils-2.8.2.tgz",
			"integrity": "sha512-EEp9NhnUkwY8aif6bxgovPHMoMoNr2FulJziTndpt5H9RdwC47GSGuII9XxpSdzVGM0GWrNPHV6ie1LTNJPaLQ==",
			"requires": {
				"estree-walker": "^0.6.1"
			}
		},
		"section-matter": {
			"version": "1.0.0",
			"resolved": "https://registry.npmjs.org/section-matter/-/section-matter-1.0.0.tgz",
			"integrity": "sha512-vfD3pmTzGpufjScBh50YHKzEu2lxBWhVEHsNGoEXmCmn2hKGfeNLYMzCJpe8cD7gqX7TJluOVpBkAequ6dgMmA==",
			"requires": {
				"extend-shallow": "^2.0.1",
				"kind-of": "^6.0.0"
			}
		},
		"sprintf-js": {
			"version": "1.0.3",
			"resolved": "https://registry.npmjs.org/sprintf-js/-/sprintf-js-1.0.3.tgz",
			"integrity": "sha1-BOaSb2YolTVPPdAVIDYzuFcpfiw="
		},
		"strip-bom-string": {
			"version": "1.0.0",
			"resolved": "https://registry.npmjs.org/strip-bom-string/-/strip-bom-string-1.0.0.tgz",
			"integrity": "sha1-5SEekiQ2n7uB1jOi8ABE3IztrZI="
		},
		"strip-filename-increment": {
			"version": "2.0.1",
			"resolved": "https://registry.npmjs.org/strip-filename-increment/-/strip-filename-increment-2.0.1.tgz",
			"integrity": "sha512-+v5xsiTTsdYqkPj7qz1zlngIsjZedhHDi3xp/9bMurV8kXe9DAr732gNVqtt4X8sI3hOqS3nlFfps5gyVcux6w=="
		},
		"svelte": {
			"version": "3.44.3",
			"resolved": "https://registry.npmjs.org/svelte/-/svelte-3.44.3.tgz",
			"integrity": "sha512-aGgrNCip5PQFNfq9e9tmm7EYxWLVHoFsEsmKrtOeRD8dmoGDdyTQ+21xd7qgFd8MNdKGSYvg7F9dr+Tc0yDymg==",
			"peer": true
		},
		"write": {
			"version": "2.0.0",
			"resolved": "https://registry.npmjs.org/write/-/write-2.0.0.tgz",
			"integrity": "sha512-yam9TAqN8sAZokECAejo9HpT2j2s39OgK8i8yxadrFBVo+iSWLfnipRVFulfAw1d2dz5vSuGmlMHYRKG4fysOA==",
			"requires": {
				"add-filename-increment": "^1.0.0"
			}
		}
	}
}
