# THIS IS AN AUTOGENERATED FILE. DO NOT EDIT THIS FILE DIRECTLY.
# yarn lockfile v1


add-filename-increment@^1.0.0:
  version "1.0.0"
  resolved "https://registry.yarnpkg.com/add-filename-increment/-/add-filename-increment-1.0.0.tgz#106feea10dcda5d2bfe25a5e83d347382f9dd97d"
  integrity sha512-pFV8VZX8jxuVMIycKvGZkWF/ihnUubu9lbQVnOnZWp7noVxbKQTNj7zG2y9fXdPcuZ6lAN3Drr517HaivGCjdQ==
  dependencies:
    strip-filename-increment "^2.0.1"

argparse@^1.0.7:
  version "1.0.10"
  resolved "https://registry.yarnpkg.com/argparse/-/argparse-1.0.10.tgz#bcd6791ea5ae09725e17e5ad988134cd40b3d911"
  integrity sha512-o5Roy6tNG4SL/FOkCAN6RzjiakZS25RLYFrcMttJqbdd8BWrnA+fGz57iN5Pb06pvBGvl5gQ0B48dJlslXvoTg==
  dependencies:
    sprintf-js "~1.0.2"

esprima@^4.0.0:
  version "4.0.1"
  resolved "https://registry.yarnpkg.com/esprima/-/esprima-4.0.1.tgz#13b04cdb3e6c5d19df91ab6987a8695619b0aa71"
  integrity sha512-eGuFFw7Upda+g4p+QHvnW0RyTX/SVeJBDM/gCtMARO0cLuT2HcEKnTPvhjV6aGeqrCB/sbNop0Kszm0jsaWU4A==

estree-walker@^0.6.1:
  version "0.6.1"
  resolved "https://registry.yarnpkg.com/estree-walker/-/estree-walker-0.6.1.tgz#53049143f40c6eb918b23671d1fe3219f3a1b362"
  integrity sha512-SqmZANLWS0mnatqbSfRP5g8OXZC12Fgg1IwNtLsyHDzJizORW4khDfjPqJZsemPWBB2uqykUah5YpQ6epsqC/w==

extend-shallow@^2.0.1:
  version "2.0.1"
  resolved "https://registry.yarnpkg.com/extend-shallow/-/extend-shallow-2.0.1.tgz#51af7d614ad9a9f610ea1bafbb989d6b1c56890f"
  integrity sha1-Ua99YUrZqfYQ6huvu5idaxxWiQ8=
  dependencies:
    is-extendable "^0.1.0"

gray-matter@^4.0.3:
  version "4.0.3"
  resolved "https://registry.yarnpkg.com/gray-matter/-/gray-matter-4.0.3.tgz#e893c064825de73ea1f5f7d88c7a9f7274288798"
  integrity sha512-5v6yZd4JK3eMI3FqqCouswVqwugaA9r4dNZB1wwcmrD02QkV5H0y7XBQW8QwQqEaZY1pM9aqORSORhJRdNK44Q==
  dependencies:
    js-yaml "^3.13.1"
    kind-of "^6.0.2"
    section-matter "^1.0.0"
    strip-bom-string "^1.0.0"

is-extendable@^0.1.0:
  version "0.1.1"
  resolved "https://registry.yarnpkg.com/is-extendable/-/is-extendable-0.1.1.tgz#62b110e289a471418e3ec36a617d472e301dfc89"
  integrity sha1-YrEQ4omkcUGOPsNqYX1HLjAd/Ik=

js-yaml@^3.13.1:
  version "3.14.1"
  resolved "https://registry.yarnpkg.com/js-yaml/-/js-yaml-3.14.1.tgz#dae812fdb3825fa306609a8717383c50c36a0537"
  integrity sha512-okMH7OXXJ7YrN9Ok3/SXrnu4iX9yOk+25nqX4imS2npuvTYDmo/QEZoqwZkYaIDk3jVvBOTOIEgEhaLOynBS9g==
  dependencies:
    argparse "^1.0.7"
    esprima "^4.0.0"

kind-of@^6.0.0, kind-of@^6.0.2:
  version "6.0.3"
  resolved "https://registry.yarnpkg.com/kind-of/-/kind-of-6.0.3.tgz#07c05034a6c349fa06e24fa35aa76db4580ce4dd"
  integrity sha512-dcS1ul+9tmeD95T+x28/ehLgd9mENa3LsvDTtzm3vyBEO7RPptvAD+t44WVXaUjTBRcrpFeFlC8WCruUR456hw==

marked@^4.0.7:
  version "4.0.7"
  resolved "https://registry.yarnpkg.com/marked/-/marked-4.0.7.tgz#596a0826e7a8c6b4119eacd00b0220ddaee7fc71"
  integrity sha512-mQrRvV2vRk7DHZsWsYJfAjmBo+lSYPhTJPThaaGpkEfmC+4oefeug2txZniQTieDS0CFpokfVhd7JuS5GtnHhA==

recursive-readdir-async@^1.2.0:
  version "1.2.0"
  resolved "https://registry.yarnpkg.com/recursive-readdir-async/-/recursive-readdir-async-1.2.0.tgz#530b4a011bf6635cf378192ec144885009233cb2"
  integrity sha512-Gk6iOlS2lpRaG8rvaKVB4Qdgjcrxr1Gi89yL5ygEGJyMy99mXkIpveal8HIJ+pJh8cSV+sMd9UYh6QtyVmxmWg==

require-relative@^0.8.7:
  version "0.8.7"
  resolved "https://registry.yarnpkg.com/require-relative/-/require-relative-0.8.7.tgz#7999539fc9e047a37928fa196f8e1563dabd36de"
  integrity sha1-eZlTn8ngR6N5KPoZb44VY9q9Nt4=

rollup-plugin-svelte@^7.1.0:
  version "7.1.0"
  resolved "https://registry.yarnpkg.com/rollup-plugin-svelte/-/rollup-plugin-svelte-7.1.0.tgz#d45f2b92b1014be4eb46b55aa033fb9a9c65f04d"
  integrity sha512-vopCUq3G+25sKjwF5VilIbiY6KCuMNHP1PFvx2Vr3REBNMDllKHFZN2B9jwwC+MqNc3UPKkjXnceLPEjTjXGXg==
  dependencies:
    require-relative "^0.8.7"
    rollup-pluginutils "^2.8.2"

rollup-pluginutils@^2.8.2:
  version "2.8.2"
  resolved "https://registry.yarnpkg.com/rollup-pluginutils/-/rollup-pluginutils-2.8.2.tgz#72f2af0748b592364dbd3389e600e5a9444a351e"
  integrity sha512-EEp9NhnUkwY8aif6bxgovPHMoMoNr2FulJziTndpt5H9RdwC47GSGuII9XxpSdzVGM0GWrNPHV6ie1LTNJPaLQ==
  dependencies:
    estree-walker "^0.6.1"

section-matter@^1.0.0:
  version "1.0.0"
  resolved "https://registry.yarnpkg.com/section-matter/-/section-matter-1.0.0.tgz#e9041953506780ec01d59f292a19c7b850b84167"
  integrity sha512-vfD3pmTzGpufjScBh50YHKzEu2lxBWhVEHsNGoEXmCmn2hKGfeNLYMzCJpe8cD7gqX7TJluOVpBkAequ6dgMmA==
  dependencies:
    extend-shallow "^2.0.1"
    kind-of "^6.0.0"

sprintf-js@~1.0.2:
  version "1.0.3"
  resolved "https://registry.yarnpkg.com/sprintf-js/-/sprintf-js-1.0.3.tgz#04e6926f662895354f3dd015203633b857297e2c"
  integrity sha1-BOaSb2YolTVPPdAVIDYzuFcpfiw=

strip-bom-string@^1.0.0:
  version "1.0.0"
  resolved "https://registry.yarnpkg.com/strip-bom-string/-/strip-bom-string-1.0.0.tgz#e5211e9224369fbb81d633a2f00044dc8cedad92"
  integrity sha1-5SEekiQ2n7uB1jOi8ABE3IztrZI=

strip-filename-increment@^2.0.1:
  version "2.0.1"
  resolved "https://registry.yarnpkg.com/strip-filename-increment/-/strip-filename-increment-2.0.1.tgz#3feca2ebd529d4cdcad0281a9bbb2660b096fcc6"
  integrity sha512-+v5xsiTTsdYqkPj7qz1zlngIsjZedhHDi3xp/9bMurV8kXe9DAr732gNVqtt4X8sI3hOqS3nlFfps5gyVcux6w==

svelte@^3.44.2:
  version "3.44.2"
  resolved "https://registry.yarnpkg.com/svelte/-/svelte-3.44.2.tgz#3e69be2598308dfc8354ba584cec54e648a50f7f"
  integrity sha512-jrZhZtmH3ZMweXg1Q15onb8QlWD+a5T5Oca4C1jYvSURp2oD35h4A5TV6t6MEa93K4LlX6BkafZPdQoFjw/ylA==

write@^2.0.0:
  version "2.0.0"
  resolved "https://registry.yarnpkg.com/write/-/write-2.0.0.tgz#d6320a5f764fbd6ee93022f61273d62fa23dbd04"
  integrity sha512-yam9TAqN8sAZokECAejo9HpT2j2s39OgK8i8yxadrFBVo+iSWLfnipRVFulfAw1d2dz5vSuGmlMHYRKG4fysOA==
  dependencies:
    add-filename-increment "^1.0.0"
